// !$*UTF8*$!
{
	archiveVersion = 1;
	classes = {
	};
	objectVersion = 46;
	objects = {

/* Begin PBXBuildFile section */
		071C4C841EE304BC004AE435 /* PagoViewController.swift in Sources */ = {isa = PBXBuildFile; fileRef = 071C4C831EE304BC004AE435 /* PagoViewController.swift */; };
		074538C31EE16FA0008958A1 /* AppDelegate.swift in Sources */ = {isa = PBXBuildFile; fileRef = 074538C21EE16FA0008958A1 /* AppDelegate.swift */; };
		074538C81EE16FA0008958A1 /* Main.storyboard in Resources */ = {isa = PBXBuildFile; fileRef = 074538C61EE16FA0008958A1 /* Main.storyboard */; };
		074538CA1EE16FA0008958A1 /* Assets.xcassets in Resources */ = {isa = PBXBuildFile; fileRef = 074538C91EE16FA0008958A1 /* Assets.xcassets */; };
		074538CD1EE16FA0008958A1 /* LaunchScreen.storyboard in Resources */ = {isa = PBXBuildFile; fileRef = 074538CB1EE16FA0008958A1 /* LaunchScreen.storyboard */; };
		074538D51EE16FD1008958A1 /* TamanioViewController.swift in Sources */ = {isa = PBXBuildFile; fileRef = 074538D41EE16FD1008958A1 /* TamanioViewController.swift */; };
		074538D71EE1719D008958A1 /* MasaViewController.swift in Sources */ = {isa = PBXBuildFile; fileRef = 074538D61EE1719D008958A1 /* MasaViewController.swift */; };
		074538D91EE1742E008958A1 /* QuesoViewController.swift in Sources */ = {isa = PBXBuildFile; fileRef = 074538D81EE1742E008958A1 /* QuesoViewController.swift */; };
		074538DB1EE175F8008958A1 /* IngredienteViewController.swift in Sources */ = {isa = PBXBuildFile; fileRef = 074538DA1EE175F8008958A1 /* IngredienteViewController.swift */; };
		074538DD1EE17A00008958A1 /* Pizza.swift in Sources */ = {isa = PBXBuildFile; fileRef = 074538DC1EE17A00008958A1 /* Pizza.swift */; };
/* End PBXBuildFile section */

/* Begin PBXFileReference section */
		071C4C831EE304BC004AE435 /* PagoViewController.swift */ = {isa = PBXFileReference; fileEncoding = 4; lastKnownFileType = sourcecode.swift; path = PagoViewController.swift; sourceTree = "<group>"; };
		074538BF1EE16FA0008958A1 /* PizzeriaIOS.app */ = {isa = PBXFileReference; explicitFileType = wrapper.application; includeInIndex = 0; path = PizzeriaIOS.app; sourceTree = BUILT_PRODUCTS_DIR; };
		074538C21EE16FA0008958A1 /* AppDelegate.swift */ = {isa = PBXFileReference; lastKnownFileType = sourcecode.swift; path = AppDelegate.swift; sourceTree = "<group>"; };
		074538C71EE16FA0008958A1 /* Base */ = {isa = PBXFileReference; lastKnownFileType = file.storyboard; name = Base; path = Base.lproj/Main.storyboard; sourceTree = "<group>"; };
		074538C91EE16FA0008958A1 /* Assets.xcassets */ = {isa = PBXFileReference; lastKnownFileType = folder.assetcatalog; path = Assets.xcassets; sourceTree = "<group>"; };
		074538CC1EE16FA0008958A1 /* Base */ = {isa = PBXFileReference; lastKnownFileType = file.storyboard; name = Base; path = Base.lproj/LaunchScreen.storyboard; sourceTree = "<group>"; };
		074538CE1EE16FA0008958A1 /* Info.plist */ = {isa = PBXFileReference; lastKnownFileType = text.plist.xml; path = Info.plist; sourceTree = "<group>"; };
		074538D41EE16FD1008958A1 /* TamanioViewController.swift */ = {isa = PBXFileReference; fileEncoding = 4; lastKnownFileType = sourcecode.swift; path = TamanioViewController.swift; sourceTree = "<group>"; };
		074538D61EE1719D008958A1 /* MasaViewController.swift */ = {isa = PBXFileReference; fileEncoding = 4; lastKnownFileType = sourcecode.swift; path = MasaViewController.swift; sourceTree = "<group>"; };
		074538D81EE1742E008958A1 /* QuesoViewController.swift */ = {isa = PBXFileReference; fileEncoding = 4; lastKnownFileType = sourcecode.swift; path = QuesoViewController.swift; sourceTree = "<group>"; };
		074538DA1EE175F8008958A1 /* IngredienteViewController.swift */ = {isa = PBXFileReference; fileEncoding = 4; lastKnownFileType = sourcecode.swift; path = IngredienteViewController.swift; sourceTree = "<group>"; };
		074538DC1EE17A00008958A1 /* Pizza.swift */ = {isa = PBXFileReference; fileEncoding = 4; lastKnownFileType = sourcecode.swift; path = Pizza.swift; sourceTree = "<group>"; };
/* End PBXFileReference section */

/* Begin PBXFrameworksBuildPhase section */
		074538BC1EE16FA0008958A1 /* Frameworks */ = {
			isa = PBXFrameworksBuildPhase;
			buildActionMask = 2147483647;
			files = (
			);
			runOnlyForDeploymentPostprocessing = 0;
		};
/* End PBXFrameworksBuildPhase section */

/* Begin PBXGroup section */
		074538B61EE16FA0008958A1 = {
			isa = PBXGroup;
			children = (
				074538C11EE16FA0008958A1 /* PizzeriaIOS */,
				074538C01EE16FA0008958A1 /* Products */,
			);
			sourceTree = "<group>";
		};
		074538C01EE16FA0008958A1 /* Products */ = {
			isa = PBXGroup;
			children = (
				074538BF1EE16FA0008958A1 /* PizzeriaIOS.app */,
			);
			name = Products;
			sourceTree = "<group>";
		};
		074538C11EE16FA0008958A1 /* PizzeriaIOS */ = {
			isa = PBXGroup;
			children = (
				074538C21EE16FA0008958A1 /* AppDelegate.swift */,
				074538C61EE16FA0008958A1 /* Main.storyboard */,
				074538C91EE16FA0008958A1 /* Assets.xcassets */,
				074538CB1EE16FA0008958A1 /* LaunchScreen.storyboard */,
				074538CE1EE16FA0008958A1 /* Info.plist */,
				074538D41EE16FD1008958A1 /* TamanioViewController.swift */,
				074538D61EE1719D008958A1 /* MasaViewController.swift */,
				074538D81EE1742E008958A1 /* QuesoViewController.swift */,
				074538DA1EE175F8008958A1 /* IngredienteViewController.swift */,
				074538DC1EE17A00008958A1 /* Pizza.swift */,
				071C4C831EE304BC004AE435 /* PagoViewController.swift */,
			);
			path = PizzeriaIOS;
			sourceTree = "<group>";
		};
/* End PBXGroup section */

/* Begin PBXNativeTarget section */
		074538BE1EE16FA0008958A1 /* PizzeriaIOS */ = {
			isa = PBXNativeTarget;
			buildConfigurationList = 074538D11EE16FA0008958A1 /* Build configuration list for PBXNativeTarget "PizzeriaIOS" */;
			buildPhases = (
				074538BB1EE16FA0008958A1 /* Sources */,
				074538BC1EE16FA0008958A1 /* Frameworks */,
				074538BD1EE16FA0008958A1 /* Resources */,
			);
			buildRules = (
			);
			dependencies = (
			);
			name = PizzeriaIOS;
			productName = PizzeriaIOS;
			productReference = 074538BF1EE16FA0008958A1 /* PizzeriaIOS.app */;
			productType = "com.apple.product-type.application";
		};
/* End PBXNativeTarget section */

/* Begin PBXProject section */
		074538B71EE16FA0008958A1 /* Project object */ = {
			isa = PBXProject;
			attributes = {
				LastSwiftUpdateCheck = 0830;
				LastUpgradeCheck = 0830;
				ORGANIZATIONNAME = Woowrale;
				TargetAttributes = {
					074538BE1EE16FA0008958A1 = {
						CreatedOnToolsVersion = 8.3.2;
						DevelopmentTeam = PMD564329U;
						ProvisioningStyle = Automatic;
					};
				};
			};
			buildConfigurationList = 074538BA1EE16FA0008958A1 /* Build configuration list for PBXProject "PizzeriaIOS" */;
			compatibilityVersion = "Xcode 3.2";
			developmentRegion = English;
			hasScannedForEncodings = 0;
			knownRegions = (
				en,
				Base,
			);
			mainGroup = 074538B61EE16FA0008958A1;
			productRefGroup = 074538C01EE16FA0008958A1 /* Products */;
			projectDirPath = "";
			projectRoot = "";
			targets = (
				074538BE1EE16FA0008958A1 /* PizzeriaIOS */,
			);
		};
/* End PBXProject section */

/* Begin PBXResourcesBuildPhase section */
		074538BD1EE16FA0008958A1 /* Resources */ = {
			isa = PBXResourcesBuildPhase;
			buildActionMask = 2147483647;
			files = (
				074538CD1EE16FA0008958A1 /* LaunchScreen.storyboard in Resources */,
				074538CA1EE16FA0008958A1 /* Assets.xcassets in Resources */,
				074538C81EE16FA0008958A1 /* Main.storyboard in Resources */,
			);
			runOnlyForDeploymentPostprocessing = 0;
		};
/* End PBXResourcesBuildPhase section */

/* Begin PBXSourcesBuildPhase section */
		074538BB1EE16FA0008958A1 /* Sources */ = {
			isa = PBXSourcesBuildPhase;
			buildActionMask = 2147483647;
			files = (
				074538D91EE1742E008958A1 /* QuesoViewController.swift in Sources */,
				074538DB1EE175F8008958A1 /* IngredienteViewController.swift in Sources */,
				071C4C841EE304BC004AE435 /* PagoViewController.swift in Sources */,
				074538DD1EE17A00008958A1 /* Pizza.swift in Sources */,
				074538D71EE1719D008958A1 /* MasaViewController.swift in Sources */,
				074538D51EE16FD1008958A1 /* TamanioViewController.swift in Sources */,
				074538C31EE16FA0008958A1 /* AppDelegate.swift in Sources */,
			);
			runOnlyForDeploymentPostprocessing = 0;
		};
/* End PBXSourcesBuildPhase section */

/* Begin PBXVariantGroup section */
		074538C61EE16FA0008958A1 /* Main.storyboard */ = {
			isa = PBXVariantGroup;
			children = (
				074538C71EE16FA0008958A1 /* Base */,
			);
			name = Main.storyboard;
			sourceTree = "<group>";
		};
		074538CB1EE16FA0008958A1 /* LaunchScreen.storyboard */ = {
			isa = PBXVariantGroup;
			children = (
				074538CC1EE16FA0008958A1 /* Base */,
			);
			name = LaunchScreen.storyboard;
			sourceTree = "<group>";
		};
/* End PBXVariantGroup section */

/* Begin XCBuildConfiguration section */
		074538CF1EE16FA0008958A1 /* Debug */ = {
			isa = XCBuildConfiguration;
			buildSettings = {
				ALWAYS_SEARCH_USER_PATHS = NO;
				CLANG_ANALYZER_NONNULL = YES;
				CLANG_ANALYZER_NUMBER_OBJECT_CONVERSION = YES_AGGRESSIVE;
				CLANG_CXX_LANGUAGE_STANDARD = "gnu++0x";
				CLANG_CXX_LIBRARY = "libc++";
				CLANG_ENABLE_MODULES = YES;
				CLANG_ENABLE_OBJC_ARC = YES;
				CLANG_WARN_BOOL_CONVERSION = YES;
				CLANG_WARN_CONSTANT_CONVERSION = YES;
				CLANG_WARN_DIRECT_OBJC_ISA_USAGE = YES_ERROR;
				CLANG_WARN_DOCUMENTATION_COMMENTS = YES;
				CLANG_WARN_EMPTY_BODY = YES;
				CLANG_WARN_ENUM_CONVERSION = YES;
				CLANG_WARN_INFINITE_RECURSION = YES;
				CLANG_WARN_INT_CONVERSION = YES;
				CLANG_WARN_OBJC_ROOT_CLASS = YES_ERROR;
				CLANG_WARN_SUSPICIOUS_MOVE = YES;
				CLANG_WARN_UNREACHABLE_CODE = YES;
				CLANG_WARN__DUPLICATE_METHOD_MATCH = YES;
				"CODE_SIGN_IDENTITY[sdk=iphoneos*]" = "iPhone Developer";
				COPY_PHASE_STRIP = NO;
				DEBUG_INFORMATION_FORMAT = dwarf;
				ENABLE_STRICT_OBJC_MSGSEND = YES;
				ENABLE_TESTABILITY = YES;
				GCC_C_LANGUAGE_STANDARD = gnu99;
				GCC_DYNAMIC_NO_PIC = NO;
				GCC_NO_COMMON_BLOCKS = YES;
				GCC_OPTIMIZATION_LEVEL = 0;
				GCC_PREPROCESSOR_DEFINITIONS = (
					"DEBUG=1",
					"$(inherited)",
				);
				GCC_WARN_64_TO_32_BIT_CONVERSION = YES;
				GCC_WARN_ABOUT_RETURN_TYPE = YES_ERROR;
				GCC_WARN_UNDECLARED_SELECTOR = YES;
				GCC_WARN_UNINITIALIZED_AUTOS = YES_AGGRESSIVE;
				GCC_WARN_UNUSED_FUNCTION = YES;
				GCC_WARN_UNUSED_VARIABLE = YES;
				IPHONEOS_DEPLOYMENT_TARGET = 10.3;
				MTL_ENABLE_DEBUG_INFO = YES;
				ONLY_ACTIVE_ARCH = YES;
				SDKROOT = iphoneos;
				SWIFT_ACTIVE_COMPILATION_CONDITIONS = DEBUG;
				SWIFT_OPTIMIZATION_LEVEL = "-Onone";
			};
			name = Debug;
		};
		074538D01EE16FA0008958A1 /* Release */ = {
			isa = XCBuildConfiguration;
			buildSettings = {
				ALWAYS_SEARCH_USER_PATHS = NO;
				CLANG_ANALYZER_NONNULL = YES;
				CLANG_ANALYZER_NUMBER_OBJECT_CONVERSION = YES_AGGRESSIVE;
				CLANG_CXX_LANGUAGE_STANDARD = "gnu++0x";
				CLANG_CXX_LIBRARY = "libc++";
				CLANG_ENABLE_MODULES = YES;
				CLANG_ENABLE_OBJC_ARC = YES;
				CLANG_WARN_BOOL_CONVERSION = YES;
				CLANG_WARN_CONSTANT_CONVERSION = YES;
				CLANG_WARN_DIRECT_OBJC_ISA_USAGE = YES_ERROR;
				CLANG_WARN_DOCUMENTATION_COMMENTS = YES;
				CLANG_WARN_EMPTY_BODY = YES;
				CLANG_WARN_ENUM_CONVERSION = YES;
				CLANG_WARN_INFINITE_RECURSION = YES;
				CLANG_WARN_INT_CONVERSION = YES;
				CLANG_WARN_OBJC_ROOT_CLASS = YES_ERROR;
				CLANG_WARN_SUSPICIOUS_MOVE = YES;
				CLANG_WARN_UNREACHABLE_CODE = YES;
				CLANG_WARN__DUPLICATE_METHOD_MATCH = YES;
				"CODE_SIGN_IDENTITY[sdk=iphoneos*]" = "iPhone Developer";
				COPY_PHASE_STRIP = NO;
				DEBUG_INFORMATION_FORMAT = "dwarf-with-dsym";
				ENABLE_NS_ASSERTIONS = NO;
				ENABLE_STRICT_OBJC_MSGSEND = YES;
				GCC_C_LANGUAGE_STANDARD = gnu99;
				GCC_NO_COMMON_BLOCKS = YES;
				GCC_WARN_64_TO_32_BIT_CONVERSION = YES;
				GCC_WARN_ABOUT_RETURN_TYPE = YES_ERROR;
				GCC_WARN_UNDECLARED_SELECTOR = YES;
				GCC_WARN_UNINITIALIZED_AUTOS = YES_AGGRESSIVE;
				GCC_WARN_UNUSED_FUNCTION = YES;
				GCC_WARN_UNUSED_VARIABLE = YES;
				IPHONEOS_DEPLOYMENT_TARGET = 10.3;
				MTL_ENABLE_DEBUG_INFO = NO;
				SDKROOT = iphoneos;
				SWIFT_OPTIMIZATION_LEVEL = "-Owholemodule";
				VALIDATE_PRODUCT = YES;
			};
			name = Release;
		};
		074538D21EE16FA0008958A1 /* Debug */ = {
			isa = XCBuildConfiguration;
			buildSettings = {
				ASSETCATALOG_COMPILER_APPICON_NAME = AppIcon;
				DEVELOPMENT_TEAM = PMD564329U;
				INFOPLIST_FILE = PizzeriaIOS/Info.plist;
				LD_RUNPATH_SEARCH_PATHS = "$(inherited) @executable_path/Frameworks";
				PRODUCT_BUNDLE_IDENTIFIER = com.woowrale.ios.PizzeriaIOS;
				PRODUCT_NAME = "$(TARGET_NAME)";
				SWIFT_VERSION = 3.0;
			};
			name = Debug;
		};
		074538D31EE16FA0008958A1 /* Release */ = {
			isa = XCBuildConfiguration;
			buildSettings = {
				ASSETCATALOG_COMPILER_APPICON_NAME = AppIcon;
				DEVELOPMENT_TEAM = PMD564329U;
				INFOPLIST_FILE = PizzeriaIOS/Info.plist;
				LD_RUNPATH_SEARCH_PATHS = "$(inherited) @executable_path/Frameworks";
				PRODUCT_BUNDLE_IDENTIFIER = com.woowrale.ios.PizzeriaIOS;
				PRODUCT_NAME = "$(TARGET_NAME)";
				SWIFT_VERSION = 3.0;
			};
			name = Release;
		};
/* End XCBuildConfiguration section */

/* Begin XCConfigurationList section */
		074538BA1EE16FA0008958A1 /* Build configuration list for PBXProject "PizzeriaIOS" */ = {
			isa = XCConfigurationList;
			buildConfigurations = (
				074538CF1EE16FA0008958A1 /* Debug */,
				074538D01EE16FA0008958A1 /* Release */,
			);
			defaultConfigurationIsVisible = 0;
			defaultConfigurationName = Release;
		};
		074538D11EE16FA0008958A1 /* Build configuration list for PBXNativeTarget "PizzeriaIOS" */ = {
			isa = XCConfigurationList;
			buildConfigurations = (
				074538D21EE16FA0008958A1 /* Debug */,
				074538D31EE16FA0008958A1 /* Release */,
			);
			defaultConfigurationIsVisible = 0;
			defaultConfigurationName = Release;
		};
/* End XCConfigurationList section */
	};
	rootObject = 074538B71EE16FA0008958A1 /* Project object */;
}
